// !$*UTF8*$!
{
	archiveVersion = 1;
	classes = {
	};
	objectVersion = 50;
	objects = {

/* Begin PBXBuildFile section */
		E45494AF213E002000EC8C0B /* AppDelegate.swift in Sources */ = {isa = PBXBuildFile; fileRef = E45494AE213E002000EC8C0B /* AppDelegate.swift */; };
		E45494B1213E002000EC8C0B /* ViewController.swift in Sources */ = {isa = PBXBuildFile; fileRef = E45494B0213E002000EC8C0B /* ViewController.swift */; };
		E45494B4213E002000EC8C0B /* Main.storyboard in Resources */ = {isa = PBXBuildFile; fileRef = E45494B2213E002000EC8C0B /* Main.storyboard */; };
		E45494B6213E002100EC8C0B /* Assets.xcassets in Resources */ = {isa = PBXBuildFile; fileRef = E45494B5213E002100EC8C0B /* Assets.xcassets */; };
		E45494B9213E002100EC8C0B /* LaunchScreen.storyboard in Resources */ = {isa = PBXBuildFile; fileRef = E45494B7213E002100EC8C0B /* LaunchScreen.storyboard */; };
		E45494C1213E02D100EC8C0B /* SampleTableViewController.swift in Sources */ = {isa = PBXBuildFile; fileRef = E45494C0213E02D100EC8C0B /* SampleTableViewController.swift */; };
		E45494C3213E141900EC8C0B /* workflow-walkthrough.md in Resources */ = {isa = PBXBuildFile; fileRef = E45494C2213E141900EC8C0B /* workflow-walkthrough.md */; };
/* End PBXBuildFile section */

/* Begin PBXFileReference section */
		E45494AB213E002000EC8C0B /* LBTAGenericTableView-Swift.app */ = {isa = PBXFileReference; explicitFileType = wrapper.application; includeInIndex = 0; path = "LBTAGenericTableView-Swift.app"; sourceTree = BUILT_PRODUCTS_DIR; };
		E45494AE213E002000EC8C0B /* AppDelegate.swift */ = {isa = PBXFileReference; lastKnownFileType = sourcecode.swift; path = AppDelegate.swift; sourceTree = "<group>"; };
		E45494B0213E002000EC8C0B /* ViewController.swift */ = {isa = PBXFileReference; lastKnownFileType = sourcecode.swift; path = ViewController.swift; sourceTree = "<group>"; };
		E45494B3213E002000EC8C0B /* Base */ = {isa = PBXFileReference; lastKnownFileType = file.storyboard; name = Base; path = Base.lproj/Main.storyboard; sourceTree = "<group>"; };
		E45494B5213E002100EC8C0B /* Assets.xcassets */ = {isa = PBXFileReference; lastKnownFileType = folder.assetcatalog; path = Assets.xcassets; sourceTree = "<group>"; };
		E45494B8213E002100EC8C0B /* Base */ = {isa = PBXFileReference; lastKnownFileType = file.storyboard; name = Base; path = Base.lproj/LaunchScreen.storyboard; sourceTree = "<group>"; };
		E45494BA213E002100EC8C0B /* Info.plist */ = {isa = PBXFileReference; lastKnownFileType = text.plist.xml; path = Info.plist; sourceTree = "<group>"; };
		E45494C0213E02D100EC8C0B /* SampleTableViewController.swift */ = {isa = PBXFileReference; lastKnownFileType = sourcecode.swift; path = SampleTableViewController.swift; sourceTree = "<group>"; };
		E45494C2213E141900EC8C0B /* workflow-walkthrough.md */ = {isa = PBXFileReference; fileEncoding = 4; lastKnownFileType = net.daringfireball.markdown; path = "workflow-walkthrough.md"; sourceTree = SOURCE_ROOT; };
/* End PBXFileReference section */

/* Begin PBXFrameworksBuildPhase section */
		E45494A8213E002000EC8C0B /* Frameworks */ = {
			isa = PBXFrameworksBuildPhase;
			buildActionMask = 2147483647;
			files = (
			);
			runOnlyForDeploymentPostprocessing = 0;
		};
/* End PBXFrameworksBuildPhase section */

/* Begin PBXGroup section */
		E45494A2213E002000EC8C0B = {
			isa = PBXGroup;
			children = (
				E45494AD213E002000EC8C0B /* LBTAGenericTableView-Swift */,
				E45494AC213E002000EC8C0B /* Products */,
			);
			sourceTree = "<group>";
		};
		E45494AC213E002000EC8C0B /* Products */ = {
			isa = PBXGroup;
			children = (
				E45494AB213E002000EC8C0B /* LBTAGenericTableView-Swift.app */,
			);
			name = Products;
			sourceTree = "<group>";
		};
		E45494AD213E002000EC8C0B /* LBTAGenericTableView-Swift */ = {
			isa = PBXGroup;
			children = (
				E45494C2213E141900EC8C0B /* workflow-walkthrough.md */,
				E45494AE213E002000EC8C0B /* AppDelegate.swift */,
				E45494B0213E002000EC8C0B /* ViewController.swift */,
				E45494B2213E002000EC8C0B /* Main.storyboard */,
				E45494B5213E002100EC8C0B /* Assets.xcassets */,
				E45494B7213E002100EC8C0B /* LaunchScreen.storyboard */,
				E45494BA213E002100EC8C0B /* Info.plist */,
				E45494C0213E02D100EC8C0B /* SampleTableViewController.swift */,
			);
			path = "LBTAGenericTableView-Swift";
			sourceTree = "<group>";
		};
/* End PBXGroup section */

/* Begin PBXNativeTarget section */
		E45494AA213E002000EC8C0B /* LBTAGenericTableView-Swift */ = {
			isa = PBXNativeTarget;
			buildConfigurationList = E45494BD213E002100EC8C0B /* Build configuration list for PBXNativeTarget "LBTAGenericTableView-Swift" */;
			buildPhases = (
				E45494A7213E002000EC8C0B /* Sources */,
				E45494A8213E002000EC8C0B /* Frameworks */,
				E45494A9213E002000EC8C0B /* Resources */,
			);
			buildRules = (
			);
			dependencies = (
			);
			name = "LBTAGenericTableView-Swift";
			productName = "LBTAGenericTableView-Swift";
			productReference = E45494AB213E002000EC8C0B /* LBTAGenericTableView-Swift.app */;
			productType = "com.apple.product-type.application";
		};
/* End PBXNativeTarget section */

/* Begin PBXProject section */
		E45494A3213E002000EC8C0B /* Project object */ = {
			isa = PBXProject;
			attributes = {
				LastSwiftUpdateCheck = 0940;
				LastUpgradeCheck = 0940;
				ORGANIZATIONNAME = "Victor Hugo Benitez Bosques";
				TargetAttributes = {
					E45494AA213E002000EC8C0B = {
						CreatedOnToolsVersion = 9.4.1;
					};
				};
			};
			buildConfigurationList = E45494A6213E002000EC8C0B /* Build configuration list for PBXProject "LBTAGenericTableView-Swift" */;
			compatibilityVersion = "Xcode 9.3";
			developmentRegion = en;
			hasScannedForEncodings = 0;
			knownRegions = (
				en,
				Base,
			);
			mainGroup = E45494A2213E002000EC8C0B;
			productRefGroup = E45494AC213E002000EC8C0B /* Products */;
			projectDirPath = "";
			projectRoot = "";
			targets = (
				E45494AA213E002000EC8C0B /* LBTAGenericTableView-Swift */,
			);
		};
/* End PBXProject section */

/* Begin PBXResourcesBuildPhase section */
		E45494A9213E002000EC8C0B /* Resources */ = {
			isa = PBXResourcesBuildPhase;
			buildActionMask = 2147483647;
			files = (
				E45494B9213E002100EC8C0B /* LaunchScreen.storyboard in Resources */,
				E45494B6213E002100EC8C0B /* Assets.xcassets in Resources */,
				E45494C3213E141900EC8C0B /* workflow-walkthrough.md in Resources */,
				E45494B4213E002000EC8C0B /* Main.storyboard in Resources */,
			);
			runOnlyForDeploymentPostprocessing = 0;
		};
/* End PBXResourcesBuildPhase section */

/* Begin PBXSourcesBuildPhase section */
		E45494A7213E002000EC8C0B /* Sources */ = {
			isa = PBXSourcesBuildPhase;
			buildActionMask = 2147483647;
			files = (
				E45494B1213E002000EC8C0B /* ViewController.swift in Sources */,
				E45494AF213E002000EC8C0B /* AppDelegate.swift in Sources */,
				E45494C1213E02D100EC8C0B /* SampleTableViewController.swift in Sources */,
			);
			runOnlyForDeploymentPostprocessing = 0;
		};
/* End PBXSourcesBuildPhase section */

/* Begin PBXVariantGroup section */
		E45494B2213E002000EC8C0B /* Main.storyboard */ = {
			isa = PBXVariantGroup;
			children = (
				E45494B3213E002000EC8C0B /* Base */,
			);
			name = Main.storyboard;
			sourceTree = "<group>";
		};
		E45494B7213E002100EC8C0B /* LaunchScreen.storyboard */ = {
			isa = PBXVariantGroup;
			children = (
				E45494B8213E002100EC8C0B /* Base */,
			);
			name = LaunchScreen.storyboard;
			sourceTree = "<group>";
		};
/* End PBXVariantGroup section */

/* Begin XCBuildConfiguration section */
		E45494BB213E002100EC8C0B /* Debug */ = {
			isa = XCBuildConfiguration;
			buildSettings = {
				ALWAYS_SEARCH_USER_PATHS = NO;
				CLANG_ANALYZER_NONNULL = YES;
				CLANG_ANALYZER_NUMBER_OBJECT_CONVERSION = YES_AGGRESSIVE;
				CLANG_CXX_LANGUAGE_STANDARD = "gnu++14";
				CLANG_CXX_LIBRARY = "libc++";
				CLANG_ENABLE_MODULES = YES;
				CLANG_ENABLE_OBJC_ARC = YES;
				CLANG_ENABLE_OBJC_WEAK = YES;
				CLANG_WARN_BLOCK_CAPTURE_AUTORELEASING = YES;
				CLANG_WARN_BOOL_CONVERSION = YES;
				CLANG_WARN_COMMA = YES;
				CLANG_WARN_CONSTANT_CONVERSION = YES;
				CLANG_WARN_DEPRECATED_OBJC_IMPLEMENTATIONS = YES;
				CLANG_WARN_DIRECT_OBJC_ISA_USAGE = YES_ERROR;
				CLANG_WARN_DOCUMENTATION_COMMENTS = YES;
				CLANG_WARN_EMPTY_BODY = YES;
				CLANG_WARN_ENUM_CONVERSION = YES;
				CLANG_WARN_INFINITE_RECURSION = YES;
				CLANG_WARN_INT_CONVERSION = YES;
				CLANG_WARN_NON_LITERAL_NULL_CONVERSION = YES;
				CLANG_WARN_OBJC_IMPLICIT_RETAIN_SELF = YES;
				CLANG_WARN_OBJC_LITERAL_CONVERSION = YES;
				CLANG_WARN_OBJC_ROOT_CLASS = YES_ERROR;
				CLANG_WARN_RANGE_LOOP_ANALYSIS = YES;
				CLANG_WARN_STRICT_PROTOTYPES = YES;
				CLANG_WARN_SUSPICIOUS_MOVE = YES;
				CLANG_WARN_UNGUARDED_AVAILABILITY = YES_AGGRESSIVE;
				CLANG_WARN_UNREACHABLE_CODE = YES;
				CLANG_WARN__DUPLICATE_METHOD_MATCH = YES;
				CODE_SIGN_IDENTITY = "iPhone Developer";
				COPY_PHASE_STRIP = NO;
				DEBUG_INFORMATION_FORMAT = dwarf;
				ENABLE_STRICT_OBJC_MSGSEND = YES;
				ENABLE_TESTABILITY = YES;
				GCC_C_LANGUAGE_STANDARD = gnu11;
				GCC_DYNAMIC_NO_PIC = NO;
				GCC_NO_COMMON_BLOCKS = YES;
				GCC_OPTIMIZATION_LEVEL = 0;
				GCC_PREPROCESSOR_DEFINITIONS = (
					"DEBUG=1",
					"$(inherited)",
				);
				GCC_WARN_64_TO_32_BIT_CONVERSION = YES;
				GCC_WARN_ABOUT_RETURN_TYPE = YES_ERROR;
				GCC_WARN_UNDECLARED_SELECTOR = YES;
				GCC_WARN_UNINITIALIZED_AUTOS = YES_AGGRESSIVE;
				GCC_WARN_UNUSED_FUNCTION = YES;
				GCC_WARN_UNUSED_VARIABLE = YES;
				IPHONEOS_DEPLOYMENT_TARGET = 11.4;
				MTL_ENABLE_DEBUG_INFO = YES;
				ONLY_ACTIVE_ARCH = YES;
				SDKROOT = iphoneos;
				SWIFT_ACTIVE_COMPILATION_CONDITIONS = DEBUG;
				SWIFT_OPTIMIZATION_LEVEL = "-Onone";
			};
			name = Debug;
		};
		E45494BC213E002100EC8C0B /* Release */ = {
			isa = XCBuildConfiguration;
			buildSettings = {
				ALWAYS_SEARCH_USER_PATHS = NO;
				CLANG_ANALYZER_NONNULL = YES;
				CLANG_ANALYZER_NUMBER_OBJECT_CONVERSION = YES_AGGRESSIVE;
				CLANG_CXX_LANGUAGE_STANDARD = "gnu++14";
				CLANG_CXX_LIBRARY = "libc++";
				CLANG_ENABLE_MODULES = YES;
				CLANG_ENABLE_OBJC_ARC = YES;
				CLANG_ENABLE_OBJC_WEAK = YES;
				CLANG_WARN_BLOCK_CAPTURE_AUTORELEASING = YES;
				CLANG_WARN_BOOL_CONVERSION = YES;
				CLANG_WARN_COMMA = YES;
				CLANG_WARN_CONSTANT_CONVERSION = YES;
				CLANG_WARN_DEPRECATED_OBJC_IMPLEMENTATIONS = YES;
				CLANG_WARN_DIRECT_OBJC_ISA_USAGE = YES_ERROR;
				CLANG_WARN_DOCUMENTATION_COMMENTS = YES;
				CLANG_WARN_EMPTY_BODY = YES;
				CLANG_WARN_ENUM_CONVERSION = YES;
				CLANG_WARN_INFINITE_RECURSION = YES;
				CLANG_WARN_INT_CONVERSION = YES;
				CLANG_WARN_NON_LITERAL_NULL_CONVERSION = YES;
				CLANG_WARN_OBJC_IMPLICIT_RETAIN_SELF = YES;
				CLANG_WARN_OBJC_LITERAL_CONVERSION = YES;
				CLANG_WARN_OBJC_ROOT_CLASS = YES_ERROR;
				CLANG_WARN_RANGE_LOOP_ANALYSIS = YES;
				CLANG_WARN_STRICT_PROTOTYPES = YES;
				CLANG_WARN_SUSPICIOUS_MOVE = YES;
				CLANG_WARN_UNGUARDED_AVAILABILITY = YES_AGGRESSIVE;
				CLANG_WARN_UNREACHABLE_CODE = YES;
				CLANG_WARN__DUPLICATE_METHOD_MATCH = YES;
				CODE_SIGN_IDENTITY = "iPhone Developer";
				COPY_PHASE_STRIP = NO;
				DEBUG_INFORMATION_FORMAT = "dwarf-with-dsym";
				ENABLE_NS_ASSERTIONS = NO;
				ENABLE_STRICT_OBJC_MSGSEND = YES;
				GCC_C_LANGUAGE_STANDARD = gnu11;
				GCC_NO_COMMON_BLOCKS = YES;
				GCC_WARN_64_TO_32_BIT_CONVERSION = YES;
				GCC_WARN_ABOUT_RETURN_TYPE = YES_ERROR;
				GCC_WARN_UNDECLARED_SELECTOR = YES;
				GCC_WARN_UNINITIALIZED_AUTOS = YES_AGGRESSIVE;
				GCC_WARN_UNUSED_FUNCTION = YES;
				GCC_WARN_UNUSED_VARIABLE = YES;
				IPHONEOS_DEPLOYMENT_TARGET = 11.4;
				MTL_ENABLE_DEBUG_INFO = NO;
				SDKROOT = iphoneos;
				SWIFT_COMPILATION_MODE = wholemodule;
				SWIFT_OPTIMIZATION_LEVEL = "-O";
				VALIDATE_PRODUCT = YES;
			};
			name = Release;
		};
		E45494BE213E002100EC8C0B /* Debug */ = {
			isa = XCBuildConfiguration;
			buildSettings = {
				ASSETCATALOG_COMPILER_APPICON_NAME = AppIcon;
				CODE_SIGN_STYLE = Automatic;
				INFOPLIST_FILE = "LBTAGenericTableView-Swift/Info.plist";
				LD_RUNPATH_SEARCH_PATHS = (
					"$(inherited)",
					"@executable_path/Frameworks",
				);
				PRODUCT_BUNDLE_IDENTIFIER = "com.victorHugo.LBTAGenericTableView-Swift";
				PRODUCT_NAME = "$(TARGET_NAME)";
				SWIFT_VERSION = 4.0;
				TARGETED_DEVICE_FAMILY = "1,2";
			};
			name = Debug;
		};
		E45494BF213E002100EC8C0B /* Release */ = {
			isa = XCBuildConfiguration;
			buildSettings = {
				ASSETCATALOG_COMPILER_APPICON_NAME = AppIcon;
				CODE_SIGN_STYLE = Automatic;
				INFOPLIST_FILE = "LBTAGenericTableView-Swift/Info.plist";
				LD_RUNPATH_SEARCH_PATHS = (
					"$(inherited)",
					"@executable_path/Frameworks",
				);
				PRODUCT_BUNDLE_IDENTIFIER = "com.victorHugo.LBTAGenericTableView-Swift";
				PRODUCT_NAME = "$(TARGET_NAME)";
				SWIFT_VERSION = 4.0;
				TARGETED_DEVICE_FAMILY = "1,2";
			};
			name = Release;
		};
/* End XCBuildConfiguration section */

/* Begin XCConfigurationList section */
		E45494A6213E002000EC8C0B /* Build configuration list for PBXProject "LBTAGenericTableView-Swift" */ = {
			isa = XCConfigurationList;
			buildConfigurations = (
				E45494BB213E002100EC8C0B /* Debug */,
				E45494BC213E002100EC8C0B /* Release */,
			);
			defaultConfigurationIsVisible = 0;
			defaultConfigurationName = Release;
		};
		E45494BD213E002100EC8C0B /* Build configuration list for PBXNativeTarget "LBTAGenericTableView-Swift" */ = {
			isa = XCConfigurationList;
			buildConfigurations = (
				E45494BE213E002100EC8C0B /* Debug */,
				E45494BF213E002100EC8C0B /* Release */,
			);
			defaultConfigurationIsVisible = 0;
			defaultConfigurationName = Release;
		};
/* End XCConfigurationList section */
	};
	rootObject = E45494A3213E002000EC8C0B /* Project object */;
}
